
Microsoft Visual Studio Solution File, Format Version 12.00
# Visual Studio Version 17
VisualStudioVersion = 17.3.32901.215
MinimumVisualStudioVersion = 10.0.40219.1
Project("{9A19103F-16F7-4668-BE54-9A1E7A4F7556}") = "Project.web", "Project.web\Project.web.csproj", "{55A6D9C5-9764-4553-AB48-438FEA9BD341}"
EndProject
Project("{9A19103F-16F7-4668-BE54-9A1E7A4F7556}") = "Project.Data", "Project.Data\Project.Data.csproj", "{193E183D-0577-48FD-A720-5A02432797BA}"
EndProject
Project("{9A19103F-16F7-4668-BE54-9A1E7A4F7556}") = "Project.Service", "Project.Service\Project.Service.csproj", "{13856F08-0A71-4897-AF40-128C6E22747F}"
EndProject
Project("{9A19103F-16F7-4668-BE54-9A1E7A4F7556}") = "Project.ViewModel", "Project.ViewModel\Project.ViewModel.csproj", "{E513DDD2-CD14-4352-B044-5B0B6DC1B1DB}"
EndProject
Global
	GlobalSection(SolutionConfigurationPlatforms) = preSolution
		Debug|Any CPU = Debug|Any CPU
		Release|Any CPU = Release|Any CPU
	EndGlobalSection
	GlobalSection(ProjectConfigurationPlatforms) = postSolution
		{55A6D9C5-9764-4553-AB48-438FEA9BD341}.Debug|Any CPU.ActiveCfg = Debug|Any CPU
		{55A6D9C5-9764-4553-AB48-438FEA9BD341}.Debug|Any CPU.Build.0 = Debug|Any CPU
		{55A6D9C5-9764-4553-AB48-438FEA9BD341}.Release|Any CPU.ActiveCfg = Release|Any CPU
		{55A6D9C5-9764-4553-AB48-438FEA9BD341}.Release|Any CPU.Build.0 = Release|Any CPU
		{193E183D-0577-48FD-A720-5A02432797BA}.Debug|Any CPU.ActiveCfg = Debug|Any CPU
		{193E183D-0577-48FD-A720-5A02432797BA}.Debug|Any CPU.Build.0 = Debug|Any CPU
		{193E183D-0577-48FD-A720-5A02432797BA}.Release|Any CPU.ActiveCfg = Release|Any CPU
		{193E183D-0577-48FD-A720-5A02432797BA}.Release|Any CPU.Build.0 = Release|Any CPU
		{13856F08-0A71-4897-AF40-128C6E22747F}.Debug|Any CPU.ActiveCfg = Debug|Any CPU
		{13856F08-0A71-4897-AF40-128C6E22747F}.Debug|Any CPU.Build.0 = Debug|Any CPU
		{13856F08-0A71-4897-AF40-128C6E22747F}.Release|Any CPU.ActiveCfg = Release|Any CPU
		{13856F08-0A71-4897-AF40-128C6E22747F}.Release|Any CPU.Build.0 = Release|Any CPU
		{E513DDD2-CD14-4352-B044-5B0B6DC1B1DB}.Debug|Any CPU.ActiveCfg = Debug|Any CPU
		{E513DDD2-CD14-4352-B044-5B0B6DC1B1DB}.Debug|Any CPU.Build.0 = Debug|Any CPU
		{E513DDD2-CD14-4352-B044-5B0B6DC1B1DB}.Release|Any CPU.ActiveCfg = Release|Any CPU
		{E513DDD2-CD14-4352-B044-5B0B6DC1B1DB}.Release|Any CPU.Build.0 = Release|Any CPU
	EndGlobalSection
	GlobalSection(SolutionProperties) = preSolution
		HideSolutionNode = FALSE
	EndGlobalSection
	GlobalSection(ExtensibilityGlobals) = postSolution
		SolutionGuid = {B42245A7-270E-4B02-9DD3-1A5365F5C1DC}
	EndGlobalSection
EndGlobal
